
Microsoft Visual Studio Solution File, Format Version 12.00
# Visual Studio Version 16
VisualStudioVersion = 16.0.31829.152
MinimumVisualStudioVersion = 10.0.40219.1
Project("{FAE04EC0-301F-11D3-BF4B-00C04F79EFBC}") = "morskoyboy", "morskoyboy.csproj", "{180F443F-4119-4CAE-8729-4FB011F09922}"
EndProject
Global
	GlobalSection(SolutionConfigurationPlatforms) = preSolution
		Debug|Any CPU = Debug|Any CPU
		Release|Any CPU = Release|Any CPU
	EndGlobalSection
	GlobalSection(ProjectConfigurationPlatforms) = postSolution
		{180F443F-4119-4CAE-8729-4FB011F09922}.Debug|Any CPU.ActiveCfg = Debug|Any CPU
		{180F443F-4119-4CAE-8729-4FB011F09922}.Debug|Any CPU.Build.0 = Debug|Any CPU
		{180F443F-4119-4CAE-8729-4FB011F09922}.Release|Any CPU.ActiveCfg = Release|Any CPU
		{180F443F-4119-4CAE-8729-4FB011F09922}.Release|Any CPU.Build.0 = Release|Any CPU
	EndGlobalSection
	GlobalSection(SolutionProperties) = preSolution
		HideSolutionNode = FALSE
	EndGlobalSection
	GlobalSection(ExtensibilityGlobals) = postSolution
		SolutionGuid = {122665EC-132A-4F6D-8F0E-C17427F8B732}
	EndGlobalSection
EndGlobal
